
Microsoft Visual Studio Solution File, Format Version 12.00
# Visual Studio Version 17
VisualStudioVersion = 17.3.32804.467
MinimumVisualStudioVersion = 10.0.40219.1
Project("{FAE04EC0-301F-11D3-BF4B-00C04F79EFBC}") = "MCWin10VptrFromBDS", "MCWin10VptrFromBDS\MCWin10VptrFromBDS.csproj", "{64E979C1-F03B-4EFB-824B-0BC0705F511D}"
EndProject
Global
	GlobalSection(SolutionConfigurationPlatforms) = preSolution
		Debug|Any CPU = Debug|Any CPU
		Release|Any CPU = Release|Any CPU
	EndGlobalSection
	GlobalSection(ProjectConfigurationPlatforms) = postSolution
		{64E979C1-F03B-4EFB-824B-0BC0705F511D}.Debug|Any CPU.ActiveCfg = Debug|Any CPU
		{64E979C1-F03B-4EFB-824B-0BC0705F511D}.Debug|Any CPU.Build.0 = Debug|Any CPU
		{64E979C1-F03B-4EFB-824B-0BC0705F511D}.Release|Any CPU.ActiveCfg = Release|Any CPU
		{64E979C1-F03B-4EFB-824B-0BC0705F511D}.Release|Any CPU.Build.0 = Release|Any CPU
	EndGlobalSection
	GlobalSection(SolutionProperties) = preSolution
		HideSolutionNode = FALSE
	EndGlobalSection
	GlobalSection(ExtensibilityGlobals) = postSolution
		SolutionGuid = {7BB89693-8307-4D5B-8029-8402DFC18AA3}
	EndGlobalSection
EndGlobal
